// !$*UTF8*$!
{
	archiveVersion = 1;
	classes = {
	};
	objectVersion = 46;
	objects = {

/* Begin PBXBuildFile section */
		8F4C90DE1C93EAD100699AF0 /* AppDelegate.swift in Sources */ = {isa = PBXBuildFile; fileRef = 8F4C90DD1C93EAD100699AF0 /* AppDelegate.swift */; };
		8F4C90E01C93EAD100699AF0 /* ViewController.swift in Sources */ = {isa = PBXBuildFile; fileRef = 8F4C90DF1C93EAD100699AF0 /* ViewController.swift */; };
		8F4C90E31C93EAD100699AF0 /* Main.storyboard in Resources */ = {isa = PBXBuildFile; fileRef = 8F4C90E11C93EAD100699AF0 /* Main.storyboard */; };
		8F4C90E61C93EAD200699AF0 /* swift_demo.xcdatamodeld in Sources */ = {isa = PBXBuildFile; fileRef = 8F4C90E41C93EAD100699AF0 /* swift_demo.xcdatamodeld */; };
		8F4C90E81C93EAD200699AF0 /* Assets.xcassets in Resources */ = {isa = PBXBuildFile; fileRef = 8F4C90E71C93EAD200699AF0 /* Assets.xcassets */; };
		8F4C90EB1C93EAD200699AF0 /* LaunchScreen.storyboard in Resources */ = {isa = PBXBuildFile; fileRef = 8F4C90E91C93EAD200699AF0 /* LaunchScreen.storyboard */; };
		8F4C90F61C93EAD300699AF0 /* swift_demoTests.swift in Sources */ = {isa = PBXBuildFile; fileRef = 8F4C90F51C93EAD300699AF0 /* swift_demoTests.swift */; };
		8F4C91011C93EAD300699AF0 /* swift_demoUITests.swift in Sources */ = {isa = PBXBuildFile; fileRef = 8F4C91001C93EAD300699AF0 /* swift_demoUITests.swift */; };
/* End PBXBuildFile section */

/* Begin PBXContainerItemProxy section */
		8F4C90F21C93EAD300699AF0 /* PBXContainerItemProxy */ = {
			isa = PBXContainerItemProxy;
			containerPortal = 8F4C90D21C93EACF00699AF0 /* Project object */;
			proxyType = 1;
			remoteGlobalIDString = 8F4C90D91C93EAD000699AF0;
			remoteInfo = "swift demo";
		};
		8F4C90FD1C93EAD300699AF0 /* PBXContainerItemProxy */ = {
			isa = PBXContainerItemProxy;
			containerPortal = 8F4C90D21C93EACF00699AF0 /* Project object */;
			proxyType = 1;
			remoteGlobalIDString = 8F4C90D91C93EAD000699AF0;
			remoteInfo = "swift demo";
		};
/* End PBXContainerItemProxy section */

/* Begin PBXFileReference section */
		8F4C90DA1C93EAD000699AF0 /* swift demo.app */ = {isa = PBXFileReference; explicitFileType = wrapper.application; includeInIndex = 0; path = "swift demo.app"; sourceTree = BUILT_PRODUCTS_DIR; };
		8F4C90DD1C93EAD100699AF0 /* AppDelegate.swift */ = {isa = PBXFileReference; lastKnownFileType = sourcecode.swift; path = AppDelegate.swift; sourceTree = "<group>"; };
		8F4C90DF1C93EAD100699AF0 /* ViewController.swift */ = {isa = PBXFileReference; lastKnownFileType = sourcecode.swift; path = ViewController.swift; sourceTree = "<group>"; };
		8F4C90E21C93EAD100699AF0 /* Base */ = {isa = PBXFileReference; lastKnownFileType = file.storyboard; name = Base; path = Base.lproj/Main.storyboard; sourceTree = "<group>"; };
		8F4C90E51C93EAD100699AF0 /* swift_demo.xcdatamodel */ = {isa = PBXFileReference; lastKnownFileType = wrapper.xcdatamodel; path = swift_demo.xcdatamodel; sourceTree = "<group>"; };
		8F4C90E71C93EAD200699AF0 /* Assets.xcassets */ = {isa = PBXFileReference; lastKnownFileType = folder.assetcatalog; path = Assets.xcassets; sourceTree = "<group>"; };
		8F4C90EA1C93EAD200699AF0 /* Base */ = {isa = PBXFileReference; lastKnownFileType = file.storyboard; name = Base; path = Base.lproj/LaunchScreen.storyboard; sourceTree = "<group>"; };
		8F4C90EC1C93EAD200699AF0 /* Info.plist */ = {isa = PBXFileReference; lastKnownFileType = text.plist.xml; path = Info.plist; sourceTree = "<group>"; };
		8F4C90F11C93EAD300699AF0 /* swift demoTests.xctest */ = {isa = PBXFileReference; explicitFileType = wrapper.cfbundle; includeInIndex = 0; path = "swift demoTests.xctest"; sourceTree = BUILT_PRODUCTS_DIR; };
		8F4C90F51C93EAD300699AF0 /* swift_demoTests.swift */ = {isa = PBXFileReference; lastKnownFileType = sourcecode.swift; path = swift_demoTests.swift; sourceTree = "<group>"; };
		8F4C90F71C93EAD300699AF0 /* Info.plist */ = {isa = PBXFileReference; lastKnownFileType = text.plist.xml; path = Info.plist; sourceTree = "<group>"; };
		8F4C90FC1C93EAD300699AF0 /* swift demoUITests.xctest */ = {isa = PBXFileReference; explicitFileType = wrapper.cfbundle; includeInIndex = 0; path = "swift demoUITests.xctest"; sourceTree = BUILT_PRODUCTS_DIR; };
		8F4C91001C93EAD300699AF0 /* swift_demoUITests.swift */ = {isa = PBXFileReference; lastKnownFileType = sourcecode.swift; path = swift_demoUITests.swift; sourceTree = "<group>"; };
		8F4C91021C93EAD300699AF0 /* Info.plist */ = {isa = PBXFileReference; lastKnownFileType = text.plist.xml; path = Info.plist; sourceTree = "<group>"; };
/* End PBXFileReference section */

/* Begin PBXFrameworksBuildPhase section */
		8F4C90D71C93EAD000699AF0 /* Frameworks */ = {
			isa = PBXFrameworksBuildPhase;
			buildActionMask = 2147483647;
			files = (
			);
			runOnlyForDeploymentPostprocessing = 0;
		};
		8F4C90EE1C93EAD300699AF0 /* Frameworks */ = {
			isa = PBXFrameworksBuildPhase;
			buildActionMask = 2147483647;
			files = (
			);
			runOnlyForDeploymentPostprocessing = 0;
		};
		8F4C90F91C93EAD300699AF0 /* Frameworks */ = {
			isa = PBXFrameworksBuildPhase;
			buildActionMask = 2147483647;
			files = (
			);
			runOnlyForDeploymentPostprocessing = 0;
		};
/* End PBXFrameworksBuildPhase section */

/* Begin PBXGroup section */
		8F4C90D11C93EACF00699AF0 = {
			isa = PBXGroup;
			children = (
				8F4C90DC1C93EAD100699AF0 /* swift demo */,
				8F4C90F41C93EAD300699AF0 /* swift demoTests */,
				8F4C90FF1C93EAD300699AF0 /* swift demoUITests */,
				8F4C90DB1C93EAD000699AF0 /* Products */,
			);
			sourceTree = "<group>";
		};
		8F4C90DB1C93EAD000699AF0 /* Products */ = {
			isa = PBXGroup;
			children = (
				8F4C90DA1C93EAD000699AF0 /* swift demo.app */,
				8F4C90F11C93EAD300699AF0 /* swift demoTests.xctest */,
				8F4C90FC1C93EAD300699AF0 /* swift demoUITests.xctest */,
			);
			name = Products;
			sourceTree = "<group>";
		};
		8F4C90DC1C93EAD100699AF0 /* swift demo */ = {
			isa = PBXGroup;
			children = (
				8F4C90DD1C93EAD100699AF0 /* AppDelegate.swift */,
				8F4C90DF1C93EAD100699AF0 /* ViewController.swift */,
				8F4C90E11C93EAD100699AF0 /* Main.storyboard */,
				8F4C90E71C93EAD200699AF0 /* Assets.xcassets */,
				8F4C90E91C93EAD200699AF0 /* LaunchScreen.storyboard */,
				8F4C90EC1C93EAD200699AF0 /* Info.plist */,
				8F4C90E41C93EAD100699AF0 /* swift_demo.xcdatamodeld */,
			);
			path = "swift demo";
			sourceTree = "<group>";
		};
		8F4C90F41C93EAD300699AF0 /* swift demoTests */ = {
			isa = PBXGroup;
			children = (
				8F4C90F51C93EAD300699AF0 /* swift_demoTests.swift */,
				8F4C90F71C93EAD300699AF0 /* Info.plist */,
			);
			path = "swift demoTests";
			sourceTree = "<group>";
		};
		8F4C90FF1C93EAD300699AF0 /* swift demoUITests */ = {
			isa = PBXGroup;
			children = (
				8F4C91001C93EAD300699AF0 /* swift_demoUITests.swift */,
				8F4C91021C93EAD300699AF0 /* Info.plist */,
			);
			path = "swift demoUITests";
			sourceTree = "<group>";
		};
/* End PBXGroup section */

/* Begin PBXNativeTarget section */
		8F4C90D91C93EAD000699AF0 /* swift demo */ = {
			isa = PBXNativeTarget;
			buildConfigurationList = 8F4C91051C93EAD300699AF0 /* Build configuration list for PBXNativeTarget "swift demo" */;
			buildPhases = (
				8F4C90D61C93EAD000699AF0 /* Sources */,
				8F4C90D71C93EAD000699AF0 /* Frameworks */,
				8F4C90D81C93EAD000699AF0 /* Resources */,
			);
			buildRules = (
			);
			dependencies = (
			);
			name = "swift demo";
			productName = "swift demo";
			productReference = 8F4C90DA1C93EAD000699AF0 /* swift demo.app */;
			productType = "com.apple.product-type.application";
		};
		8F4C90F01C93EAD300699AF0 /* swift demoTests */ = {
			isa = PBXNativeTarget;
			buildConfigurationList = 8F4C91081C93EAD300699AF0 /* Build configuration list for PBXNativeTarget "swift demoTests" */;
			buildPhases = (
				8F4C90ED1C93EAD300699AF0 /* Sources */,
				8F4C90EE1C93EAD300699AF0 /* Frameworks */,
				8F4C90EF1C93EAD300699AF0 /* Resources */,
			);
			buildRules = (
			);
			dependencies = (
				8F4C90F31C93EAD300699AF0 /* PBXTargetDependency */,
			);
			name = "swift demoTests";
			productName = "swift demoTests";
			productReference = 8F4C90F11C93EAD300699AF0 /* swift demoTests.xctest */;
			productType = "com.apple.product-type.bundle.unit-test";
		};
		8F4C90FB1C93EAD300699AF0 /* swift demoUITests */ = {
			isa = PBXNativeTarget;
			buildConfigurationList = 8F4C910B1C93EAD300699AF0 /* Build configuration list for PBXNativeTarget "swift demoUITests" */;
			buildPhases = (
				8F4C90F81C93EAD300699AF0 /* Sources */,
				8F4C90F91C93EAD300699AF0 /* Frameworks */,
				8F4C90FA1C93EAD300699AF0 /* Resources */,
			);
			buildRules = (
			);
			dependencies = (
				8F4C90FE1C93EAD300699AF0 /* PBXTargetDependency */,
			);
			name = "swift demoUITests";
			productName = "swift demoUITests";
			productReference = 8F4C90FC1C93EAD300699AF0 /* swift demoUITests.xctest */;
			productType = "com.apple.product-type.bundle.ui-testing";
		};
/* End PBXNativeTarget section */

/* Begin PBXProject section */
		8F4C90D21C93EACF00699AF0 /* Project object */ = {
			isa = PBXProject;
			attributes = {
				LastSwiftUpdateCheck = 0730;
				LastUpgradeCheck = 0730;
				ORGANIZATIONNAME = Hexagon;
				TargetAttributes = {
					8F4C90D91C93EAD000699AF0 = {
						CreatedOnToolsVersion = 7.3;
					};
					8F4C90F01C93EAD300699AF0 = {
						CreatedOnToolsVersion = 7.3;
						TestTargetID = 8F4C90D91C93EAD000699AF0;
					};
					8F4C90FB1C93EAD300699AF0 = {
						CreatedOnToolsVersion = 7.3;
						TestTargetID = 8F4C90D91C93EAD000699AF0;
					};
				};
			};
			buildConfigurationList = 8F4C90D51C93EACF00699AF0 /* Build configuration list for PBXProject "swift demo" */;
			compatibilityVersion = "Xcode 3.2";
			developmentRegion = English;
			hasScannedForEncodings = 0;
			knownRegions = (
				en,
				Base,
			);
			mainGroup = 8F4C90D11C93EACF00699AF0;
			productRefGroup = 8F4C90DB1C93EAD000699AF0 /* Products */;
			projectDirPath = "";
			projectRoot = "";
			targets = (
				8F4C90D91C93EAD000699AF0 /* swift demo */,
				8F4C90F01C93EAD300699AF0 /* swift demoTests */,
				8F4C90FB1C93EAD300699AF0 /* swift demoUITests */,
			);
		};
/* End PBXProject section */

/* Begin PBXResourcesBuildPhase section */
		8F4C90D81C93EAD000699AF0 /* Resources */ = {
			isa = PBXResourcesBuildPhase;
			buildActionMask = 2147483647;
			files = (
				8F4C90EB1C93EAD200699AF0 /* LaunchScreen.storyboard in Resources */,
				8F4C90E81C93EAD200699AF0 /* Assets.xcassets in Resources */,
				8F4C90E31C93EAD100699AF0 /* Main.storyboard in Resources */,
			);
			runOnlyForDeploymentPostprocessing = 0;
		};
		8F4C90EF1C93EAD300699AF0 /* Resources */ = {
			isa = PBXResourcesBuildPhase;
			buildActionMask = 2147483647;
			files = (
			);
			runOnlyForDeploymentPostprocessing = 0;
		};
		8F4C90FA1C93EAD300699AF0 /* Resources */ = {
			isa = PBXResourcesBuildPhase;
			buildActionMask = 2147483647;
			files = (
			);
			runOnlyForDeploymentPostprocessing = 0;
		};
/* End PBXResourcesBuildPhase section */

/* Begin PBXSourcesBuildPhase section */
		8F4C90D61C93EAD000699AF0 /* Sources */ = {
			isa = PBXSourcesBuildPhase;
			buildActionMask = 2147483647;
			files = (
				8F4C90E01C93EAD100699AF0 /* ViewController.swift in Sources */,
				8F4C90DE1C93EAD100699AF0 /* AppDelegate.swift in Sources */,
				8F4C90E61C93EAD200699AF0 /* swift_demo.xcdatamodeld in Sources */,
			);
			runOnlyForDeploymentPostprocessing = 0;
		};
		8F4C90ED1C93EAD300699AF0 /* Sources */ = {
			isa = PBXSourcesBuildPhase;
			buildActionMask = 2147483647;
			files = (
				8F4C90F61C93EAD300699AF0 /* swift_demoTests.swift in Sources */,
			);
			runOnlyForDeploymentPostprocessing = 0;
		};
		8F4C90F81C93EAD300699AF0 /* Sources */ = {
			isa = PBXSourcesBuildPhase;
			buildActionMask = 2147483647;
			files = (
				8F4C91011C93EAD300699AF0 /* swift_demoUITests.swift in Sources */,
			);
			runOnlyForDeploymentPostprocessing = 0;
		};
/* End PBXSourcesBuildPhase section */

/* Begin PBXTargetDependency section */
		8F4C90F31C93EAD300699AF0 /* PBXTargetDependency */ = {
			isa = PBXTargetDependency;
			target = 8F4C90D91C93EAD000699AF0 /* swift demo */;
			targetProxy = 8F4C90F21C93EAD300699AF0 /* PBXContainerItemProxy */;
		};
		8F4C90FE1C93EAD300699AF0 /* PBXTargetDependency */ = {
			isa = PBXTargetDependency;
			target = 8F4C90D91C93EAD000699AF0 /* swift demo */;
			targetProxy = 8F4C90FD1C93EAD300699AF0 /* PBXContainerItemProxy */;
		};
/* End PBXTargetDependency section */

/* Begin PBXVariantGroup section */
		8F4C90E11C93EAD100699AF0 /* Main.storyboard */ = {
			isa = PBXVariantGroup;
			children = (
				8F4C90E21C93EAD100699AF0 /* Base */,
			);
			name = Main.storyboard;
			sourceTree = "<group>";
		};
		8F4C90E91C93EAD200699AF0 /* LaunchScreen.storyboard */ = {
			isa = PBXVariantGroup;
			children = (
				8F4C90EA1C93EAD200699AF0 /* Base */,
			);
			name = LaunchScreen.storyboard;
			sourceTree = "<group>";
		};
/* End PBXVariantGroup section */

/* Begin XCBuildConfiguration section */
		8F4C91031C93EAD300699AF0 /* Debug */ = {
			isa = XCBuildConfiguration;
			buildSettings = {
				ALWAYS_SEARCH_USER_PATHS = NO;
				CLANG_ANALYZER_NONNULL = YES;
				CLANG_CXX_LANGUAGE_STANDARD = "gnu++0x";
				CLANG_CXX_LIBRARY = "libc++";
				CLANG_ENABLE_MODULES = YES;
				CLANG_ENABLE_OBJC_ARC = YES;
				CLANG_WARN_BOOL_CONVERSION = YES;
				CLANG_WARN_CONSTANT_CONVERSION = YES;
				CLANG_WARN_DIRECT_OBJC_ISA_USAGE = YES_ERROR;
				CLANG_WARN_EMPTY_BODY = YES;
				CLANG_WARN_ENUM_CONVERSION = YES;
				CLANG_WARN_INT_CONVERSION = YES;
				CLANG_WARN_OBJC_ROOT_CLASS = YES_ERROR;
				CLANG_WARN_UNREACHABLE_CODE = YES;
				CLANG_WARN__DUPLICATE_METHOD_MATCH = YES;
				"CODE_SIGN_IDENTITY[sdk=iphoneos*]" = "iPhone Developer";
				COPY_PHASE_STRIP = NO;
				DEBUG_INFORMATION_FORMAT = dwarf;
				ENABLE_STRICT_OBJC_MSGSEND = YES;
				ENABLE_TESTABILITY = YES;
				GCC_C_LANGUAGE_STANDARD = gnu99;
				GCC_DYNAMIC_NO_PIC = NO;
				GCC_NO_COMMON_BLOCKS = YES;
				GCC_OPTIMIZATION_LEVEL = 0;
				GCC_PREPROCESSOR_DEFINITIONS = (
					"DEBUG=1",
					"$(inherited)",
				);
				GCC_WARN_64_TO_32_BIT_CONVERSION = YES;
				GCC_WARN_ABOUT_RETURN_TYPE = YES_ERROR;
				GCC_WARN_UNDECLARED_SELECTOR = YES;
				GCC_WARN_UNINITIALIZED_AUTOS = YES_AGGRESSIVE;
				GCC_WARN_UNUSED_FUNCTION = YES;
				GCC_WARN_UNUSED_VARIABLE = YES;
				IPHONEOS_DEPLOYMENT_TARGET = 9.3;
				MTL_ENABLE_DEBUG_INFO = YES;
				ONLY_ACTIVE_ARCH = YES;
				SDKROOT = iphoneos;
				SWIFT_OPTIMIZATION_LEVEL = "-Onone";
				TARGETED_DEVICE_FAMILY = "1,2";
			};
			name = Debug;
		};
		8F4C91041C93EAD300699AF0 /* Release */ = {
			isa = XCBuildConfiguration;
			buildSettings = {
				ALWAYS_SEARCH_USER_PATHS = NO;
				CLANG_ANALYZER_NONNULL = YES;
				CLANG_CXX_LANGUAGE_STANDARD = "gnu++0x";
				CLANG_CXX_LIBRARY = "libc++";
				CLANG_ENABLE_MODULES = YES;
				CLANG_ENABLE_OBJC_ARC = YES;
				CLANG_WARN_BOOL_CONVERSION = YES;
				CLANG_WARN_CONSTANT_CONVERSION = YES;
				CLANG_WARN_DIRECT_OBJC_ISA_USAGE = YES_ERROR;
				CLANG_WARN_EMPTY_BODY = YES;
				CLANG_WARN_ENUM_CONVERSION = YES;
				CLANG_WARN_INT_CONVERSION = YES;
				CLANG_WARN_OBJC_ROOT_CLASS = YES_ERROR;
				CLANG_WARN_UNREACHABLE_CODE = YES;
				CLANG_WARN__DUPLICATE_METHOD_MATCH = YES;
				"CODE_SIGN_IDENTITY[sdk=iphoneos*]" = "iPhone Developer";
				COPY_PHASE_STRIP = NO;
				DEBUG_INFORMATION_FORMAT = "dwarf-with-dsym";
				ENABLE_NS_ASSERTIONS = NO;
				ENABLE_STRICT_OBJC_MSGSEND = YES;
				GCC_C_LANGUAGE_STANDARD = gnu99;
				GCC_NO_COMMON_BLOCKS = YES;
				GCC_WARN_64_TO_32_BIT_CONVERSION = YES;
				GCC_WARN_ABOUT_RETURN_TYPE = YES_ERROR;
				GCC_WARN_UNDECLARED_SELECTOR = YES;
				GCC_WARN_UNINITIALIZED_AUTOS = YES_AGGRESSIVE;
				GCC_WARN_UNUSED_FUNCTION = YES;
				GCC_WARN_UNUSED_VARIABLE = YES;
				IPHONEOS_DEPLOYMENT_TARGET = 9.3;
				MTL_ENABLE_DEBUG_INFO = NO;
				SDKROOT = iphoneos;
				TARGETED_DEVICE_FAMILY = "1,2";
				VALIDATE_PRODUCT = YES;
			};
			name = Release;
		};
		8F4C91061C93EAD300699AF0 /* Debug */ = {
			isa = XCBuildConfiguration;
			buildSettings = {
				ASSETCATALOG_COMPILER_APPICON_NAME = AppIcon;
				INFOPLIST_FILE = "swift demo/Info.plist";
				LD_RUNPATH_SEARCH_PATHS = "$(inherited) @executable_path/Frameworks";
				PRODUCT_BUNDLE_IDENTIFIER = "com..swift-demo";
				PRODUCT_NAME = "$(TARGET_NAME)";
			};
			name = Debug;
		};
		8F4C91071C93EAD300699AF0 /* Release */ = {
			isa = XCBuildConfiguration;
			buildSettings = {
				ASSETCATALOG_COMPILER_APPICON_NAME = AppIcon;
				INFOPLIST_FILE = "swift demo/Info.plist";
				LD_RUNPATH_SEARCH_PATHS = "$(inherited) @executable_path/Frameworks";
				PRODUCT_BUNDLE_IDENTIFIER = "com..swift-demo";
				PRODUCT_NAME = "$(TARGET_NAME)";
			};
			name = Release;
		};
		8F4C91091C93EAD300699AF0 /* Debug */ = {
			isa = XCBuildConfiguration;
			buildSettings = {
				BUNDLE_LOADER = "$(TEST_HOST)";
				INFOPLIST_FILE = "swift demoTests/Info.plist";
				LD_RUNPATH_SEARCH_PATHS = "$(inherited) @executable_path/Frameworks @loader_path/Frameworks";
				PRODUCT_BUNDLE_IDENTIFIER = "com..swift-demoTests";
				PRODUCT_NAME = "$(TARGET_NAME)";
				TEST_HOST = "$(BUILT_PRODUCTS_DIR)/swift demo.app/swift demo";
			};
			name = Debug;
		};
		8F4C910A1C93EAD300699AF0 /* Release */ = {
			isa = XCBuildConfiguration;
			buildSettings = {
				BUNDLE_LOADER = "$(TEST_HOST)";
				INFOPLIST_FILE = "swift demoTests/Info.plist";
				LD_RUNPATH_SEARCH_PATHS = "$(inherited) @executable_path/Frameworks @loader_path/Frameworks";
				PRODUCT_BUNDLE_IDENTIFIER = "com..swift-demoTests";
				PRODUCT_NAME = "$(TARGET_NAME)";
				TEST_HOST = "$(BUILT_PRODUCTS_DIR)/swift demo.app/swift demo";
			};
			name = Release;
		};
		8F4C910C1C93EAD300699AF0 /* Debug */ = {
			isa = XCBuildConfiguration;
			buildSettings = {
				INFOPLIST_FILE = "swift demoUITests/Info.plist";
				LD_RUNPATH_SEARCH_PATHS = "$(inherited) @executable_path/Frameworks @loader_path/Frameworks";
				PRODUCT_BUNDLE_IDENTIFIER = "com..swift-demoUITests";
				PRODUCT_NAME = "$(TARGET_NAME)";
				TEST_TARGET_NAME = "swift demo";
			};
			name = Debug;
		};
		8F4C910D1C93EAD300699AF0 /* Release */ = {
			isa = XCBuildConfiguration;
			buildSettings = {
				INFOPLIST_FILE = "swift demoUITests/Info.plist";
				LD_RUNPATH_SEARCH_PATHS = "$(inherited) @executable_path/Frameworks @loader_path/Frameworks";
				PRODUCT_BUNDLE_IDENTIFIER = "com..swift-demoUITests";
				PRODUCT_NAME = "$(TARGET_NAME)";
				TEST_TARGET_NAME = "swift demo";
			};
			name = Release;
		};
/* End XCBuildConfiguration section */

/* Begin XCConfigurationList section */
		8F4C90D51C93EACF00699AF0 /* Build configuration list for PBXProject "swift demo" */ = {
			isa = XCConfigurationList;
			buildConfigurations = (
				8F4C91031C93EAD300699AF0 /* Debug */,
				8F4C91041C93EAD300699AF0 /* Release */,
			);
			defaultConfigurationIsVisible = 0;
			defaultConfigurationName = Release;
		};
		8F4C91051C93EAD300699AF0 /* Build configuration list for PBXNativeTarget "swift demo" */ = {
			isa = XCConfigurationList;
			buildConfigurations = (
				8F4C91061C93EAD300699AF0 /* Debug */,
				8F4C91071C93EAD300699AF0 /* Release */,
			);
			defaultConfigurationIsVisible = 0;
		};
		8F4C91081C93EAD300699AF0 /* Build configuration list for PBXNativeTarget "swift demoTests" */ = {
			isa = XCConfigurationList;
			buildConfigurations = (
				8F4C91091C93EAD300699AF0 /* Debug */,
				8F4C910A1C93EAD300699AF0 /* Release */,
			);
			defaultConfigurationIsVisible = 0;
		};
		8F4C910B1C93EAD300699AF0 /* Build configuration list for PBXNativeTarget "swift demoUITests" */ = {
			isa = XCConfigurationList;
			buildConfigurations = (
				8F4C910C1C93EAD300699AF0 /* Debug */,
				8F4C910D1C93EAD300699AF0 /* Release */,
			);
			defaultConfigurationIsVisible = 0;
		};
/* End XCConfigurationList section */

/* Begin XCVersionGroup section */
		8F4C90E41C93EAD100699AF0 /* swift_demo.xcdatamodeld */ = {
			isa = XCVersionGroup;
			children = (
				8F4C90E51C93EAD100699AF0 /* swift_demo.xcdatamodel */,
			);
			currentVersion = 8F4C90E51C93EAD100699AF0 /* swift_demo.xcdatamodel */;
			path = swift_demo.xcdatamodeld;
			sourceTree = "<group>";
			versionGroupType = wrapper.xcdatamodel;
		};
/* End XCVersionGroup section */
	};
	rootObject = 8F4C90D21C93EACF00699AF0 /* Project object */;
}
